
Microsoft Visual Studio Solution File, Format Version 12.00
# Visual Studio 15
VisualStudioVersion = 15.0.28307.572
MinimumVisualStudioVersion = 10.0.40219.1
Project("{FAE04EC0-301F-11D3-BF4B-00C04F79EFBC}") = "GroceryListSystem", "..\Komal-Project-Grocery\GroceryListSystem\GroceryListSystem.csproj", "{30FF49B3-32FF-4F73-A6D0-86E635235A74}"
EndProject
Project("{FAE04EC0-301F-11D3-BF4B-00C04F79EFBC}") = "GroceryList.Data", "GroceryList.Data\GroceryList.Data.csproj", "{71BDB351-4376-4A54-A066-940AC12012BF}"
EndProject
Project("{FAE04EC0-301F-11D3-BF4B-00C04F79EFBC}") = "WebApp", "WebApp\WebApp.csproj", "{E9F90DAE-1EFB-4F8E-91BA-CF88534082E6}"
EndProject
Global
	GlobalSection(SolutionConfigurationPlatforms) = preSolution
		Debug|Any CPU = Debug|Any CPU
		Release|Any CPU = Release|Any CPU
	EndGlobalSection
	GlobalSection(ProjectConfigurationPlatforms) = postSolution
		{30FF49B3-32FF-4F73-A6D0-86E635235A74}.Debug|Any CPU.ActiveCfg = Debug|Any CPU
		{30FF49B3-32FF-4F73-A6D0-86E635235A74}.Debug|Any CPU.Build.0 = Debug|Any CPU
		{30FF49B3-32FF-4F73-A6D0-86E635235A74}.Release|Any CPU.ActiveCfg = Release|Any CPU
		{30FF49B3-32FF-4F73-A6D0-86E635235A74}.Release|Any CPU.Build.0 = Release|Any CPU
		{71BDB351-4376-4A54-A066-940AC12012BF}.Debug|Any CPU.ActiveCfg = Debug|Any CPU
		{71BDB351-4376-4A54-A066-940AC12012BF}.Debug|Any CPU.Build.0 = Debug|Any CPU
		{71BDB351-4376-4A54-A066-940AC12012BF}.Release|Any CPU.ActiveCfg = Release|Any CPU
		{71BDB351-4376-4A54-A066-940AC12012BF}.Release|Any CPU.Build.0 = Release|Any CPU
		{E9F90DAE-1EFB-4F8E-91BA-CF88534082E6}.Debug|Any CPU.ActiveCfg = Debug|Any CPU
		{E9F90DAE-1EFB-4F8E-91BA-CF88534082E6}.Debug|Any CPU.Build.0 = Debug|Any CPU
		{E9F90DAE-1EFB-4F8E-91BA-CF88534082E6}.Release|Any CPU.ActiveCfg = Release|Any CPU
		{E9F90DAE-1EFB-4F8E-91BA-CF88534082E6}.Release|Any CPU.Build.0 = Release|Any CPU
	EndGlobalSection
	GlobalSection(SolutionProperties) = preSolution
		HideSolutionNode = FALSE
	EndGlobalSection
	GlobalSection(ExtensibilityGlobals) = postSolution
		SolutionGuid = {48375A69-A5C1-4FF0-8F68-06CA1024B354}
	EndGlobalSection
EndGlobal
